
Microsoft Visual Studio Solution File, Format Version 12.00
# Visual Studio Version 17
VisualStudioVersion = 17.1.32203.90
MinimumVisualStudioVersion = 10.0.40219.1
Project("{8BC9CEB8-8B4A-11D0-8D11-00A0C91BC942}") = "1.1 norm", "1.1 norm.vcxproj", "{15E25A06-DB86-47D1-9AA9-E5EF14A25FC0}"
EndProject
Project("{8BC9CEB8-8B4A-11D0-8D11-00A0C91BC942}") = "UnitTest2", "..\UnitTest2\UnitTest2.vcxproj", "{8779A851-A941-4478-AE95-1710444F0B57}"
EndProject
Global
	GlobalSection(SolutionConfigurationPlatforms) = preSolution
		Debug|x64 = Debug|x64
		Debug|x86 = Debug|x86
		Release|x64 = Release|x64
		Release|x86 = Release|x86
	EndGlobalSection
	GlobalSection(ProjectConfigurationPlatforms) = postSolution
		{15E25A06-DB86-47D1-9AA9-E5EF14A25FC0}.Debug|x64.ActiveCfg = Debug|x64
		{15E25A06-DB86-47D1-9AA9-E5EF14A25FC0}.Debug|x64.Build.0 = Debug|x64
		{15E25A06-DB86-47D1-9AA9-E5EF14A25FC0}.Debug|x86.ActiveCfg = Debug|Win32
		{15E25A06-DB86-47D1-9AA9-E5EF14A25FC0}.Debug|x86.Build.0 = Debug|Win32
		{15E25A06-DB86-47D1-9AA9-E5EF14A25FC0}.Release|x64.ActiveCfg = Release|x64
		{15E25A06-DB86-47D1-9AA9-E5EF14A25FC0}.Release|x64.Build.0 = Release|x64
		{15E25A06-DB86-47D1-9AA9-E5EF14A25FC0}.Release|x86.ActiveCfg = Release|Win32
		{15E25A06-DB86-47D1-9AA9-E5EF14A25FC0}.Release|x86.Build.0 = Release|Win32
		{8779A851-A941-4478-AE95-1710444F0B57}.Debug|x64.ActiveCfg = Debug|x64
		{8779A851-A941-4478-AE95-1710444F0B57}.Debug|x64.Build.0 = Debug|x64
		{8779A851-A941-4478-AE95-1710444F0B57}.Debug|x86.ActiveCfg = Debug|Win32
		{8779A851-A941-4478-AE95-1710444F0B57}.Debug|x86.Build.0 = Debug|Win32
		{8779A851-A941-4478-AE95-1710444F0B57}.Release|x64.ActiveCfg = Release|x64
		{8779A851-A941-4478-AE95-1710444F0B57}.Release|x64.Build.0 = Release|x64
		{8779A851-A941-4478-AE95-1710444F0B57}.Release|x86.ActiveCfg = Release|Win32
		{8779A851-A941-4478-AE95-1710444F0B57}.Release|x86.Build.0 = Release|Win32
	EndGlobalSection
	GlobalSection(SolutionProperties) = preSolution
		HideSolutionNode = FALSE
	EndGlobalSection
	GlobalSection(ExtensibilityGlobals) = postSolution
		SolutionGuid = {819140E4-FAC5-49EF-ABD3-BFF3920D8178}
	EndGlobalSection
EndGlobal
